{
  "object": {
    "pins": [
      {
        "package": "SwiftLogger",
        "repositoryURL": "https://github.com/sergejs/SwiftLogger.git",
        "state": {
          "branch": null,
          "revision": "39c5bd1946e6f26986e565309ece76b54784ee4b",
          "version": "1.1.0"
        }
      }
    ]
  },
  "version": 1
}
