{
  "object": {
    "pins": [
      {
        "package": "SwiftLogger",
        "repositoryURL": "https://github.com/sergejs/SwiftLogger.git",
        "state": {
          "branch": null,
          "revision": "1b02991272c0cb36b3c24c371f1ae40153f7e118",
          "version": "1.1.0"
        }
      }
    ]
  },
  "version": 1
}
