{
  "object": {
    "pins": [
      {
        "package": "SwiftLogger",
        "repositoryURL": "https://github.com/sergejs/SwiftLogger.git",
        "state": {
          "branch": null,
          "revision": "0afbccddcfc38d7f6f7055ac68418b9afc03eb72",
          "version": "1.1.1"
        }
      }
    ]
  },
  "version": 1
}
